<?xml version="1.0" encoding="utf-8"?>
<Project ToolsVersion="4.0" xmlns="http://schemas.microsoft.com/developer/msbuild/2003">
  <ItemGroup>
    <Filter Include="Source Files">
      <UniqueIdentifier>{4FC737F1-C7A5-4376-A066-2A32D752A2FF}</UniqueIdentifier>
      <Extensions>cpp;c;cc;cxx;def;odl;idl;hpj;bat;asm;asmx</Extensions>
    </Filter>
    <Filter Include="Header Files">
      <UniqueIdentifier>{93995380-89BD-4b04-88EB-625FBE52EBFB}</UniqueIdentifier>
      <Extensions>h;hh;hpp;hxx;hm;inl;inc;xsd</Extensions>
    </Filter>
    <Filter Include="Resource Files">
      <UniqueIdentifier>{D9D6E242-F8AF-46E4-B9FD-80ECBC20BA3E}</UniqueIdentifier>
      <Extensions>qrc;*</Extensions>
      <ParseFiles>false</ParseFiles>
    </Filter>
    <Filter Include="Form Files">
      <UniqueIdentifier>{99349809-55BA-4b9d-BF79-8FDBB0286EB3}</UniqueIdentifier>
      <Extensions>ui</Extensions>
    </Filter>
    <Filter Include="Resource Files">
      <UniqueIdentifier>{D9D6E242-F8AF-46E4-B9FD-80ECBC20BA3E}</UniqueIdentifier>
      <Extensions>qrc;*</Extensions>
      <ParseFiles>false</ParseFiles>
    </Filter>
    <Filter Include="Generated Files">
      <UniqueIdentifier>{71ED8ED8-ACB9-4CE9-BBE1-E00B30144E11}</UniqueIdentifier>
      <Extensions>moc;h;cpp</Extensions>
      <SourceControlFiles>False</SourceControlFiles>
    </Filter>
    <Filter Include="Generated Files\Debug">
      <UniqueIdentifier>{68be0f84-8ad9-4b88-9269-204aabfadc1d}</UniqueIdentifier>
      <Extensions>cpp;moc</Extensions>
      <SourceControlFiles>False</SourceControlFiles>
    </Filter>
    <Filter Include="Generated Files\Release">
      <UniqueIdentifier>{830a74d1-4f1c-4548-b231-72bec520552b}</UniqueIdentifier>
      <Extensions>cpp;moc</Extensions>
      <SourceControlFiles>False</SourceControlFiles>
    </Filter>
  </ItemGroup>
  <ItemGroup>
    <ClCompile Include="GeneratedFiles\qrc_css.cpp">
      <Filter>Generated Files</Filter>
    </ClCompile>
    <ClCompile Include="GeneratedFiles\Debug\moc_CMvFindLineParamWidget.cpp">
      <Filter>Generated Files\Debug</Filter>
    </ClCompile>
    <ClCompile Include="GeneratedFiles\Release\moc_CMvFindLineParamWidget.cpp">
      <Filter>Generated Files\Release</Filter>
    </ClCompile>
    <ClCompile Include="GeneratedFiles\Debug\moc_CMvFindRoundParamWidget.cpp">
      <Filter>Generated Files\Debug</Filter>
    </ClCompile>
    <ClCompile Include="GeneratedFiles\Release\moc_CMvFindRoundParamWidget.cpp">
      <Filter>Generated Files\Release</Filter>
    </ClCompile>
    <ClCompile Include="GeneratedFiles\Debug\moc_CMvSecondLevelMenu.cpp">
      <Filter>Generated Files\Debug</Filter>
    </ClCompile>
    <ClCompile Include="GeneratedFiles\Release\moc_CMvSecondLevelMenu.cpp">
      <Filter>Generated Files\Release</Filter>
    </ClCompile>
    <ClCompile Include="src\CMvFindLineParamWidget.cpp">
      <Filter>Source Files</Filter>
    </ClCompile>
    <ClCompile Include="src\CMvFindRoundParamWidget.cpp">
      <Filter>Source Files</Filter>
    </ClCompile>
    <ClCompile Include="src\CMvSecondLevelMenu.cpp">
      <Filter>Source Files</Filter>
    </ClCompile>
    <ClCompile Include="src\main.cpp">
      <Filter>Source Files</Filter>
    </ClCompile>
    <ClCompile Include="GeneratedFiles\Debug\moc_CMvBlackAndWhiteConversionColor.cpp">
      <Filter>Generated Files\Debug</Filter>
    </ClCompile>
    <ClCompile Include="GeneratedFiles\Release\moc_CMvBlackAndWhiteConversionColor.cpp">
      <Filter>Generated Files\Release</Filter>
    </ClCompile>
    <ClCompile Include="GeneratedFiles\Debug\moc_CMvColorConversionBlackAndWhite.cpp">
      <Filter>Generated Files\Debug</Filter>
    </ClCompile>
    <ClCompile Include="GeneratedFiles\Release\moc_CMvColorConversionBlackAndWhite.cpp">
      <Filter>Generated Files\Release</Filter>
    </ClCompile>
    <ClCompile Include="GeneratedFiles\Debug\moc_CMvColorImagesCut.cpp">
      <Filter>Generated Files\Debug</Filter>
    </ClCompile>
    <ClCompile Include="GeneratedFiles\Release\moc_CMvColorImagesCut.cpp">
      <Filter>Generated Files\Release</Filter>
    </ClCompile>
    <ClCompile Include="src\CMvBlackAndWhiteConversionColor.cpp">
      <Filter>Source Files</Filter>
    </ClCompile>
    <ClCompile Include="src\CMvColorConversionBlackAndWhite.cpp">
      <Filter>Source Files</Filter>
    </ClCompile>
    <ClCompile Include="src\CMvColorImagesCut.cpp">
      <Filter>Source Files</Filter>
    </ClCompile>
    <ClCompile Include="GeneratedFiles\Debug\moc_CMvFourArithmeticOperation.cpp">
      <Filter>Generated Files\Debug</Filter>
    </ClCompile>
    <ClCompile Include="GeneratedFiles\Release\moc_CMvFourArithmeticOperation.cpp">
      <Filter>Generated Files\Release</Filter>
    </ClCompile>
    <ClCompile Include="src\CMvFourArithmeticOperation.cpp">
      <Filter>Source Files</Filter>
    </ClCompile>
    <ClCompile Include="src\CMvBlobRapidDetection.cpp">
      <Filter>Source Files</Filter>
    </ClCompile>
    <ClCompile Include="GeneratedFiles\Debug\moc_CMvBlobRapidDetection.cpp">
      <Filter>Generated Files\Debug</Filter>
    </ClCompile>
    <ClCompile Include="GeneratedFiles\Release\moc_CMvBlobRapidDetection.cpp">
      <Filter>Generated Files\Release</Filter>
    </ClCompile>
    <ClCompile Include="src\CMvTestWidget.cpp">
      <Filter>Source Files</Filter>
    </ClCompile>
    <ClCompile Include="GeneratedFiles\Debug\moc_CMvTestWidget.cpp">
      <Filter>Generated Files\Debug</Filter>
    </ClCompile>
    <ClCompile Include="GeneratedFiles\Release\moc_CMvTestWidget.cpp">
      <Filter>Generated Files\Release</Filter>
    </ClCompile>
    <ClCompile Include="GeneratedFiles\Debug\moc_CMvColorSelection.cpp">
      <Filter>Generated Files\Debug</Filter>
    </ClCompile>
    <ClCompile Include="GeneratedFiles\Release\moc_CMvColorSelection.cpp">
      <Filter>Generated Files\Release</Filter>
    </ClCompile>
    <ClCompile Include="src\CMvColorSelection.cpp">
      <Filter>Source Files</Filter>
    </ClCompile>
    <ClCompile Include="src\CMvColorArea.cpp">
      <Filter>Source Files</Filter>
    </ClCompile>
    <ClCompile Include="GeneratedFiles\Debug\moc_CMvColorArea.cpp">
      <Filter>Generated Files\Debug</Filter>
    </ClCompile>
    <ClCompile Include="GeneratedFiles\Release\moc_CMvColorArea.cpp">
      <Filter>Generated Files\Release</Filter>
    </ClCompile>
    <ClCompile Include="GeneratedFiles\Debug\moc_CMvKNNColorSelection.cpp">
      <Filter>Generated Files\Debug</Filter>
    </ClCompile>
    <ClCompile Include="GeneratedFiles\Release\moc_CMvKNNColorSelection.cpp">
      <Filter>Generated Files\Release</Filter>
    </ClCompile>
    <ClCompile Include="src\CMvKNNColorSelection.cpp">
      <Filter>Source Files</Filter>
    </ClCompile>
    <ClCompile Include="GeneratedFiles\Debug\moc_CMvImagesCut.cpp">
      <Filter>Generated Files\Debug</Filter>
    </ClCompile>
    <ClCompile Include="GeneratedFiles\Release\moc_CMvImagesCut.cpp">
      <Filter>Generated Files\Release</Filter>
    </ClCompile>
    <ClCompile Include="src\CMvImagesCut.cpp">
      <Filter>Source Files</Filter>
    </ClCompile>
    <ClCompile Include="src\CMvImageRotation.cpp">
      <Filter>Source Files</Filter>
    </ClCompile>
    <ClCompile Include="GeneratedFiles\Debug\moc_CMvImageRotation.cpp">
      <Filter>Generated Files\Debug</Filter>
    </ClCompile>
    <ClCompile Include="GeneratedFiles\Release\moc_CMvImageRotation.cpp">
      <Filter>Generated Files\Release</Filter>
    </ClCompile>
    <ClCompile Include="GeneratedFiles\Debug\moc_CMvAlgorithmProcessing.cpp">
      <Filter>Generated Files\Debug</Filter>
    </ClCompile>
    <ClCompile Include="GeneratedFiles\Release\moc_CMvAlgorithmProcessing.cpp">
      <Filter>Generated Files\Release</Filter>
    </ClCompile>
    <ClCompile Include="src\CMvAlgorithmProcessing.cpp">
      <Filter>Source Files</Filter>
    </ClCompile>
    <ClCompile Include="src\CMvAdditionAndSubtraction.cpp">
      <Filter>Source Files</Filter>
    </ClCompile>
    <ClCompile Include="GeneratedFiles\Debug\moc_CMvAdditionAndSubtraction.cpp">
      <Filter>Generated Files\Debug</Filter>
    </ClCompile>
    <ClCompile Include="GeneratedFiles\Release\moc_CMvAdditionAndSubtraction.cpp">
      <Filter>Generated Files\Release</Filter>
    </ClCompile>
    <ClCompile Include="GeneratedFiles\Debug\moc_CMvImageEnhancement.cpp">
      <Filter>Generated Files\Debug</Filter>
    </ClCompile>
    <ClCompile Include="GeneratedFiles\Release\moc_CMvImageEnhancement.cpp">
      <Filter>Generated Files\Release</Filter>
    </ClCompile>
    <ClCompile Include="src\CMvImageEnhancement.cpp">
      <Filter>Source Files</Filter>
    </ClCompile>
    <ClCompile Include="src\CMvMultiplicationAndDivision.cpp">
      <Filter>Source Files</Filter>
    </ClCompile>
    <ClCompile Include="GeneratedFiles\Debug\moc_CMvMultiplicationAndDivision.cpp">
      <Filter>Generated Files\Debug</Filter>
    </ClCompile>
    <ClCompile Include="GeneratedFiles\Release\moc_CMvMultiplicationAndDivision.cpp">
      <Filter>Generated Files\Release</Filter>
    </ClCompile>
    <ClCompile Include="src\CMvManualBinary.cpp">
      <Filter>Source Files</Filter>
    </ClCompile>
    <ClCompile Include="GeneratedFiles\Debug\moc_CMvManualBinary.cpp">
      <Filter>Generated Files\Debug</Filter>
    </ClCompile>
    <ClCompile Include="GeneratedFiles\Release\moc_CMvManualBinary.cpp">
      <Filter>Generated Files\Release</Filter>
    </ClCompile>
    <ClCompile Include="GeneratedFiles\Debug\moc_CMvAdaptiveBinarization.cpp">
      <Filter>Generated Files\Debug</Filter>
    </ClCompile>
    <ClCompile Include="GeneratedFiles\Release\moc_CMvAdaptiveBinarization.cpp">
      <Filter>Generated Files\Release</Filter>
    </ClCompile>
    <ClCompile Include="src\CMvAdaptiveBinarization.cpp">
      <Filter>Source Files</Filter>
    </ClCompile>
    <ClCompile Include="src\CMvDenoiseBinarization.cpp">
      <Filter>Source Files</Filter>
    </ClCompile>
    <ClCompile Include="GeneratedFiles\Debug\moc_CMvDenoiseBinarization.cpp">
      <Filter>Generated Files\Debug</Filter>
    </ClCompile>
    <ClCompile Include="GeneratedFiles\Release\moc_CMvDenoiseBinarization.cpp">
      <Filter>Generated Files\Release</Filter>
    </ClCompile>
    <ClCompile Include="src\CMvCannyEdgeExtracting.cpp">
      <Filter>Source Files</Filter>
    </ClCompile>
    <ClCompile Include="GeneratedFiles\Debug\moc_CMvCannyEdgeExtracting.cpp">
      <Filter>Generated Files\Debug</Filter>
    </ClCompile>
    <ClCompile Include="GeneratedFiles\Release\moc_CMvCannyEdgeExtracting.cpp">
      <Filter>Generated Files\Release</Filter>
    </ClCompile>
    <ClCompile Include="GeneratedFiles\Debug\moc_CMvImageDefect.cpp">
      <Filter>Generated Files\Debug</Filter>
    </ClCompile>
    <ClCompile Include="GeneratedFiles\Release\moc_CMvImageDefect.cpp">
      <Filter>Generated Files\Release</Filter>
    </ClCompile>
    <ClCompile Include="src\CMvImageDefect.cpp">
      <Filter>Source Files</Filter>
    </ClCompile>
    <ClCompile Include="src\CMvBarCodeDefect.cpp">
      <Filter>Source Files</Filter>
    </ClCompile>
    <ClCompile Include="GeneratedFiles\Debug\moc_CMvBarCodeDefect.cpp">
      <Filter>Generated Files\Debug</Filter>
    </ClCompile>
    <ClCompile Include="GeneratedFiles\Release\moc_CMvBarCodeDefect.cpp">
      <Filter>Generated Files\Release</Filter>
    </ClCompile>
    <ClCompile Include="src\CMvGraphicDefects.cpp">
      <Filter>Source Files</Filter>
    </ClCompile>
    <ClCompile Include="GeneratedFiles\Debug\moc_CMvGraphicDefects.cpp">
      <Filter>Generated Files\Debug</Filter>
    </ClCompile>
    <ClCompile Include="GeneratedFiles\Release\moc_CMvGraphicDefects.cpp">
      <Filter>Generated Files\Release</Filter>
    </ClCompile>
    <ClCompile Include="src\CMvChipDefect.cpp">
      <Filter>Source Files</Filter>
    </ClCompile>
    <ClCompile Include="GeneratedFiles\Debug\moc_CMvChipDefect.cpp">
      <Filter>Generated Files\Debug</Filter>
    </ClCompile>
    <ClCompile Include="GeneratedFiles\Release\moc_CMvChipDefect.cpp">
      <Filter>Generated Files\Release</Filter>
    </ClCompile>
    <ClCompile Include="GeneratedFiles\Debug\moc_CMvChipMainGrid.cpp">
      <Filter>Generated Files\Debug</Filter>
    </ClCompile>
    <ClCompile Include="GeneratedFiles\Release\moc_CMvChipMainGrid.cpp">
      <Filter>Generated Files\Release</Filter>
    </ClCompile>
    <ClCompile Include="src\CMvChipMainGrid.cpp">
      <Filter>Source Files</Filter>
    </ClCompile>
    <ClCompile Include="src\CMvContactAttitudeDefect.cpp">
      <Filter>Source Files</Filter>
    </ClCompile>
    <ClCompile Include="GeneratedFiles\Debug\moc_CMvContactAttitudeDefect.cpp">
      <Filter>Generated Files\Debug</Filter>
    </ClCompile>
    <ClCompile Include="GeneratedFiles\Release\moc_CMvContactAttitudeDefect.cpp">
      <Filter>Generated Files\Release</Filter>
    </ClCompile>
    <ClCompile Include="GeneratedFiles\Debug\moc_CMvEdgeDefect.cpp">
      <Filter>Generated Files\Debug</Filter>
    </ClCompile>
    <ClCompile Include="GeneratedFiles\Release\moc_CMvEdgeDefect.cpp">
      <Filter>Generated Files\Release</Filter>
    </ClCompile>
    <ClCompile Include="src\CMvEdgeDefect.cpp">
      <Filter>Source Files</Filter>
    </ClCompile>
    <ClCompile Include="GeneratedFiles\Debug\moc_CMvRectangleGlueDefect.cpp">
      <Filter>Generated Files\Debug</Filter>
    </ClCompile>
    <ClCompile Include="GeneratedFiles\Release\moc_CMvRectangleGlueDefect.cpp">
      <Filter>Generated Files\Release</Filter>
    </ClCompile>
    <ClCompile Include="src\CMvRectangleGlueDefect.cpp">
      <Filter>Source Files</Filter>
    </ClCompile>
    <ClCompile Include="src\CMvPositiveNegativeContacts.cpp">
      <Filter>Source Files</Filter>
    </ClCompile>
    <ClCompile Include="GeneratedFiles\Debug\moc_CMvPositiveNegativeContacts.cpp">
      <Filter>Generated Files\Debug</Filter>
    </ClCompile>
    <ClCompile Include="GeneratedFiles\Release\moc_CMvPositiveNegativeContacts.cpp">
      <Filter>Generated Files\Release</Filter>
    </ClCompile>
    <ClCompile Include="src\CMvRingGlueDefect.cpp">
      <Filter>Source Files</Filter>
    </ClCompile>
    <ClCompile Include="GeneratedFiles\Debug\moc_CMvRingGlueDefect.cpp">
      <Filter>Generated Files\Debug</Filter>
    </ClCompile>
    <ClCompile Include="GeneratedFiles\Release\moc_CMvRingGlueDefect.cpp">
      <Filter>Generated Files\Release</Filter>
    </ClCompile>
    <ClCompile Include="GeneratedFiles\Debug\moc_CMvRingDefect.cpp">
      <Filter>Generated Files\Debug</Filter>
    </ClCompile>
    <ClCompile Include="GeneratedFiles\Release\moc_CMvRingDefect.cpp">
      <Filter>Generated Files\Release</Filter>
    </ClCompile>
    <ClCompile Include="src\CMvRingDefect.cpp">
      <Filter>Source Files</Filter>
    </ClCompile>
    <ClCompile Include="src\CMvTemplateMatching.cpp">
      <Filter>Source Files</Filter>
    </ClCompile>
    <ClCompile Include="GeneratedFiles\Debug\moc_CMvTemplateMatching.cpp">
      <Filter>Generated Files\Debug</Filter>
    </ClCompile>
    <ClCompile Include="GeneratedFiles\Release\moc_CMvTemplateMatching.cpp">
      <Filter>Generated Files\Release</Filter>
    </ClCompile>
    <ClCompile Include="GeneratedFiles\Debug\moc_CMvContourMatching.cpp">
      <Filter>Generated Files\Debug</Filter>
    </ClCompile>
    <ClCompile Include="GeneratedFiles\Release\moc_CMvContourMatching.cpp">
      <Filter>Generated Files\Release</Filter>
    </ClCompile>
    <ClCompile Include="src\CMvContourMatching.cpp">
      <Filter>Source Files</Filter>
    </ClCompile>
    <ClCompile Include="src\CMvFeatureMatching.cpp">
      <Filter>Source Files</Filter>
    </ClCompile>
    <ClCompile Include="GeneratedFiles\Debug\moc_CMvFeatureMatching.cpp">
      <Filter>Generated Files\Debug</Filter>
    </ClCompile>
    <ClCompile Include="GeneratedFiles\Release\moc_CMvFeatureMatching.cpp">
      <Filter>Generated Files\Release</Filter>
    </ClCompile>
    <ClCompile Include="src\CMvMultiObjectiveContourMatching.cpp">
      <Filter>Source Files</Filter>
    </ClCompile>
    <ClCompile Include="GeneratedFiles\Debug\moc_CMvMultiObjectiveContourMatching.cpp">
      <Filter>Generated Files\Debug</Filter>
    </ClCompile>
    <ClCompile Include="GeneratedFiles\Release\moc_CMvMultiObjectiveContourMatching.cpp">
      <Filter>Generated Files\Release</Filter>
    </ClCompile>
    <ClCompile Include="GeneratedFiles\Debug\moc_CMvMultiTemplateFeatureMatching.cpp">
      <Filter>Generated Files\Debug</Filter>
    </ClCompile>
    <ClCompile Include="GeneratedFiles\Release\moc_CMvMultiTemplateFeatureMatching.cpp">
      <Filter>Generated Files\Release</Filter>
    </ClCompile>
    <ClCompile Include="src\CMvMultiTemplateFeatureMatching.cpp">
      <Filter>Source Files</Filter>
    </ClCompile>
    <ClCompile Include="src\CMvSimpleRelationPointLines.cpp">
      <Filter>Source Files</Filter>
    </ClCompile>
    <ClCompile Include="GeneratedFiles\Debug\moc_CMvSimpleRelationPointLines.cpp">
      <Filter>Generated Files\Debug</Filter>
    </ClCompile>
    <ClCompile Include="GeneratedFiles\Release\moc_CMvSimpleRelationPointLines.cpp">
      <Filter>Generated Files\Release</Filter>
    </ClCompile>
    <ClCompile Include="GeneratedFiles\Debug\moc_CMvPointLineOffset.cpp">
      <Filter>Generated Files\Debug</Filter>
    </ClCompile>
    <ClCompile Include="GeneratedFiles\Release\moc_CMvPointLineOffset.cpp">
      <Filter>Generated Files\Release</Filter>
    </ClCompile>
    <ClCompile Include="src\CMvPointLineOffset.cpp">
      <Filter>Source Files</Filter>
    </ClCompile>
    <ClCompile Include="src\CMvAngleOffset.cpp">
      <Filter>Source Files</Filter>
    </ClCompile>
    <ClCompile Include="GeneratedFiles\Debug\moc_CMvAngleOffset.cpp">
      <Filter>Generated Files\Debug</Filter>
    </ClCompile>
    <ClCompile Include="GeneratedFiles\Release\moc_CMvAngleOffset.cpp">
      <Filter>Generated Files\Release</Filter>
    </ClCompile>
    <ClCompile Include="GeneratedFiles\Debug\moc_CMvEdgeDistance.cpp">
      <Filter>Generated Files\Debug</Filter>
    </ClCompile>
    <ClCompile Include="GeneratedFiles\Release\moc_CMvEdgeDistance.cpp">
      <Filter>Generated Files\Release</Filter>
    </ClCompile>
    <ClCompile Include="src\CMvEdgeDistance.cpp">
      <Filter>Source Files</Filter>
    </ClCompile>
    <ClCompile Include="src\CMvPinSpacing.cpp">
      <Filter>Source Files</Filter>
    </ClCompile>
    <ClCompile Include="GeneratedFiles\Debug\moc_CMvPinSpacing.cpp">
      <Filter>Generated Files\Debug</Filter>
    </ClCompile>
    <ClCompile Include="GeneratedFiles\Release\moc_CMvPinSpacing.cpp">
      <Filter>Generated Files\Release</Filter>
    </ClCompile>
    <ClCompile Include="GeneratedFiles\Debug\moc_CMvExtractFarthestPoints.cpp">
      <Filter>Generated Files\Debug</Filter>
    </ClCompile>
    <ClCompile Include="GeneratedFiles\Release\moc_CMvExtractFarthestPoints.cpp">
      <Filter>Generated Files\Release</Filter>
    </ClCompile>
    <ClCompile Include="src\CMvExtractFarthestPoints.cpp">
      <Filter>Source Files</Filter>
    </ClCompile>
    <ClCompile Include="src\CMvEdgeCaliper.cpp">
      <Filter>Source Files</Filter>
    </ClCompile>
    <ClCompile Include="GeneratedFiles\Debug\moc_CMvEdgeCaliper.cpp">
      <Filter>Generated Files\Debug</Filter>
    </ClCompile>
    <ClCompile Include="GeneratedFiles\Release\moc_CMvEdgeCaliper.cpp">
      <Filter>Generated Files\Release</Filter>
    </ClCompile>
    <ClCompile Include="src\CMvBlobExtract.cpp">
      <Filter>Source Files</Filter>
    </ClCompile>
    <ClCompile Include="GeneratedFiles\Debug\moc_CMvBlobExtract.cpp">
      <Filter>Generated Files\Debug</Filter>
    </ClCompile>
    <ClCompile Include="GeneratedFiles\Release\moc_CMvBlobExtract.cpp">
      <Filter>Generated Files\Release</Filter>
    </ClCompile>
    <ClCompile Include="GeneratedFiles\Debug\moc_CMvBlobScreen.cpp">
      <Filter>Generated Files\Debug</Filter>
    </ClCompile>
    <ClCompile Include="GeneratedFiles\Release\moc_CMvBlobScreen.cpp">
      <Filter>Generated Files\Release</Filter>
    </ClCompile>
    <ClCompile Include="src\CMvBlobScreen.cpp">
      <Filter>Source Files</Filter>
    </ClCompile>
    <ClCompile Include="src\CMvBlobSortOutput.cpp">
      <Filter>Source Files</Filter>
    </ClCompile>
    <ClCompile Include="GeneratedFiles\Debug\moc_CMvBlobSortOutput.cpp">
      <Filter>Generated Files\Debug</Filter>
    </ClCompile>
    <ClCompile Include="GeneratedFiles\Release\moc_CMvBlobSortOutput.cpp">
      <Filter>Generated Files\Release</Filter>
    </ClCompile>
    <ClCompile Include="GeneratedFiles\Debug\moc_CMvBlobRelevantGetting.cpp">
      <Filter>Generated Files\Debug</Filter>
    </ClCompile>
    <ClCompile Include="GeneratedFiles\Release\moc_CMvBlobRelevantGetting.cpp">
      <Filter>Generated Files\Release</Filter>
    </ClCompile>
    <ClCompile Include="src\CMvBlobRelevantGetting.cpp">
      <Filter>Source Files</Filter>
    </ClCompile>
    <ClCompile Include="src\CMvBlobCumulativeArea.cpp">
      <Filter>Source Files</Filter>
    </ClCompile>
    <ClCompile Include="GeneratedFiles\Debug\moc_CMvBlobCumulativeArea.cpp">
      <Filter>Generated Files\Debug</Filter>
    </ClCompile>
    <ClCompile Include="GeneratedFiles\Release\moc_CMvBlobCumulativeArea.cpp">
      <Filter>Generated Files\Release</Filter>
    </ClCompile>
    <ClCompile Include="GeneratedFiles\Debug\moc_CMvBlobInnerObliqueRectangle.cpp">
      <Filter>Generated Files\Debug</Filter>
    </ClCompile>
    <ClCompile Include="GeneratedFiles\Release\moc_CMvBlobInnerObliqueRectangle.cpp">
      <Filter>Generated Files\Release</Filter>
    </ClCompile>
    <ClCompile Include="src\CMvBlobInnerObliqueRectangle.cpp">
      <Filter>Source Files</Filter>
    </ClCompile>
    <ClCompile Include="src\CMvCharacterRecognition.cpp">
      <Filter>Source Files</Filter>
    </ClCompile>
    <ClCompile Include="GeneratedFiles\Debug\moc_CMvCharacterRecognition.cpp">
      <Filter>Generated Files\Debug</Filter>
    </ClCompile>
    <ClCompile Include="GeneratedFiles\Release\moc_CMvCharacterRecognition.cpp">
      <Filter>Generated Files\Release</Filter>
    </ClCompile>
    <ClCompile Include="GeneratedFiles\Debug\moc_CMv1DCodeRecognition.cpp">
      <Filter>Generated Files\Debug</Filter>
    </ClCompile>
    <ClCompile Include="GeneratedFiles\Release\moc_CMv1DCodeRecognition.cpp">
      <Filter>Generated Files\Release</Filter>
    </ClCompile>
    <ClCompile Include="src\CMv1DCodeRecognition.cpp">
      <Filter>Source Files</Filter>
    </ClCompile>
    <ClCompile Include="src\CMv2DCodeRecognition.cpp">
      <Filter>Source Files</Filter>
    </ClCompile>
    <ClCompile Include="GeneratedFiles\Debug\moc_CMv2DCodeRecognition.cpp">
      <Filter>Generated Files\Debug</Filter>
    </ClCompile>
    <ClCompile Include="GeneratedFiles\Release\moc_CMv2DCodeRecognition.cpp">
      <Filter>Generated Files\Release</Filter>
    </ClCompile>
    <ClCompile Include="src\CMvMatchingCharacterRecognition.cpp">
      <Filter>Source Files</Filter>
    </ClCompile>
    <ClCompile Include="GeneratedFiles\Debug\moc_CMvMatchingCharacterRecognition.cpp">
      <Filter>Generated Files\Debug</Filter>
    </ClCompile>
    <ClCompile Include="GeneratedFiles\Release\moc_CMvMatchingCharacterRecognition.cpp">
      <Filter>Generated Files\Release</Filter>
    </ClCompile>
    <ClCompile Include="GeneratedFiles\Debug\moc_CMvCustomCoordinates.cpp">
      <Filter>Generated Files\Debug</Filter>
    </ClCompile>
    <ClCompile Include="GeneratedFiles\Release\moc_CMvCustomCoordinates.cpp">
      <Filter>Generated Files\Release</Filter>
    </ClCompile>
    <ClCompile Include="src\CMvCustomCoordinates.cpp">
      <Filter>Source Files</Filter>
    </ClCompile>
    <ClCompile Include="src\CMvPointOffsetWithCoordinates.cpp">
      <Filter>Source Files</Filter>
    </ClCompile>
    <ClCompile Include="GeneratedFiles\Debug\moc_CMvPointOffsetWithCoordinates.cpp">
      <Filter>Generated Files\Debug</Filter>
    </ClCompile>
    <ClCompile Include="GeneratedFiles\Release\moc_CMvPointOffsetWithCoordinates.cpp">
      <Filter>Generated Files\Release</Filter>
    </ClCompile>
  </ItemGroup>
  <ItemGroup>
    <CustomBuild Include="formFiles\CMvFindLineParamWidget.ui">
      <Filter>Form Files</Filter>
    </CustomBuild>
    <CustomBuild Include="formFiles\CMvFindRoundParamWidget.ui">
      <Filter>Form Files</Filter>
    </CustomBuild>
    <CustomBuild Include="..\projectResources\css.qrc">
      <Filter>Resource Files</Filter>
    </CustomBuild>
    <CustomBuild Include="include\CMvFindLineParamWidget.h">
      <Filter>Header Files</Filter>
    </CustomBuild>
    <CustomBuild Include="include\CMvFindRoundParamWidget.h">
      <Filter>Header Files</Filter>
    </CustomBuild>
    <CustomBuild Include="include\CMvSecondLevelMenu.h">
      <Filter>Header Files</Filter>
    </CustomBuild>
    <CustomBuild Include="formFiles\CMvColorConversionBlackAndWhite.ui">
      <Filter>Form Files</Filter>
    </CustomBuild>
    <CustomBuild Include="formFiles\CMvColorImagesCut.ui">
      <Filter>Form Files</Filter>
    </CustomBuild>
    <CustomBuild Include="include\CMvBlackAndWhiteConversionColor.h">
      <Filter>Header Files</Filter>
    </CustomBuild>
    <CustomBuild Include="include\CMvColorConversionBlackAndWhite.h">
      <Filter>Header Files</Filter>
    </CustomBuild>
    <CustomBuild Include="include\CMvColorImagesCut.h">
      <Filter>Header Files</Filter>
    </CustomBuild>
    <CustomBuild Include="formFiles\CMvBlackAndWhiteConversionColor.ui">
      <Filter>Form Files</Filter>
    </CustomBuild>
    <CustomBuild Include="formFiles\CMvFourArithmeticOperation.ui">
      <Filter>Form Files</Filter>
    </CustomBuild>
    <CustomBuild Include="include\CMvFourArithmeticOperation.h">
      <Filter>Header Files</Filter>
    </CustomBuild>
    <CustomBuild Include="include\CMvBlobRapidDetection.h">
      <Filter>Header Files</Filter>
    </CustomBuild>
    <CustomBuild Include="formFiles\CMvBlobRapidDetection.ui">
      <Filter>Form Files</Filter>
    </CustomBuild>
    <CustomBuild Include="formFiles\CMvTestWidget.ui">
      <Filter>Form Files</Filter>
    </CustomBuild>
    <CustomBuild Include="include\CMvTestWidget.h">
      <Filter>Header Files</Filter>
    </CustomBuild>
    <CustomBuild Include="include\CMvColorSelection.h">
      <Filter>Header Files</Filter>
    </CustomBuild>
    <CustomBuild Include="formFiles\CMvColorSelection.ui">
      <Filter>Form Files</Filter>
    </CustomBuild>
    <CustomBuild Include="include\CMvColorArea.h">
      <Filter>Header Files</Filter>
    </CustomBuild>
    <CustomBuild Include="formFiles\CMvColorArea.ui">
      <Filter>Form Files</Filter>
    </CustomBuild>
    <CustomBuild Include="formFiles\CMvKNNColorSelection.ui">
      <Filter>Form Files</Filter>
    </CustomBuild>
    <CustomBuild Include="include\CMvKNNColorSelection.h">
      <Filter>Header Files</Filter>
    </CustomBuild>
    <CustomBuild Include="formFiles\CMvImagesCut.ui">
      <Filter>Form Files</Filter>
    </CustomBuild>
    <CustomBuild Include="include\CMvImagesCut.h">
      <Filter>Header Files</Filter>
    </CustomBuild>
    <CustomBuild Include="include\CMvImageRotation.h">
      <Filter>Header Files</Filter>
    </CustomBuild>
    <CustomBuild Include="formFiles\CMvImageRotation.ui">
      <Filter>Form Files</Filter>
    </CustomBuild>
    <CustomBuild Include="formFiles\CMvAlgorithmProcessing.ui">
      <Filter>Form Files</Filter>
    </CustomBuild>
    <CustomBuild Include="include\CMvAlgorithmProcessing.h">
      <Filter>Header Files</Filter>
    </CustomBuild>
    <CustomBuild Include="include\CMvAdditionAndSubtraction.h">
      <Filter>Header Files</Filter>
    </CustomBuild>
    <CustomBuild Include="formFiles\CMvAdditionAndSubtraction.ui">
      <Filter>Form Files</Filter>
    </CustomBuild>
    <CustomBuild Include="formFiles\CMvImageEnhancement.ui">
      <Filter>Form Files</Filter>
    </CustomBuild>
    <CustomBuild Include="include\CMvImageEnhancement.h">
      <Filter>Header Files</Filter>
    </CustomBuild>
    <CustomBuild Include="include\CMvMultiplicationAndDivision.h">
      <Filter>Header Files</Filter>
    </CustomBuild>
    <CustomBuild Include="formFiles\CMvMultiplicationAndDivision.ui">
      <Filter>Form Files</Filter>
    </CustomBuild>
    <CustomBuild Include="include\CMvManualBinary.h">
      <Filter>Header Files</Filter>
    </CustomBuild>
    <CustomBuild Include="formFiles\CMvManualBinary.ui">
      <Filter>Form Files</Filter>
    </CustomBuild>
    <CustomBuild Include="formFiles\CMvAdaptiveBinarization.ui">
      <Filter>Form Files</Filter>
    </CustomBuild>
    <CustomBuild Include="include\CMvAdaptiveBinarization.h">
      <Filter>Header Files</Filter>
    </CustomBuild>
    <CustomBuild Include="include\CMvDenoiseBinarization.h">
      <Filter>Header Files</Filter>
    </CustomBuild>
    <CustomBuild Include="formFiles\CMvDenoiseBinarization.ui">
      <Filter>Form Files</Filter>
    </CustomBuild>
    <CustomBuild Include="include\CMvCannyEdgeExtracting.h">
      <Filter>Header Files</Filter>
    </CustomBuild>
    <CustomBuild Include="formFiles\CMvCannyEdgeExtracting.ui">
      <Filter>Form Files</Filter>
    </CustomBuild>
    <CustomBuild Include="include\CMvImageDefect.h">
      <Filter>Header Files</Filter>
    </CustomBuild>
    <CustomBuild Include="include\CMvBarCodeDefect.h">
      <Filter>Header Files</Filter>
    </CustomBuild>
    <CustomBuild Include="formFiles\CMvImageDefect.ui">
      <Filter>Form Files</Filter>
    </CustomBuild>
    <CustomBuild Include="formFiles\CMvBarCodeDefect.ui">
      <Filter>Form Files</Filter>
    </CustomBuild>
    <CustomBuild Include="include\CMvGraphicDefects.h">
      <Filter>Header Files</Filter>
    </CustomBuild>
    <CustomBuild Include="formFiles\CMvGraphicDefects.ui">
      <Filter>Form Files</Filter>
    </CustomBuild>
    <CustomBuild Include="formFiles\CMvChipDefect.ui">
      <Filter>Form Files</Filter>
    </CustomBuild>
    <CustomBuild Include="include\CMvChipDefect.h">
      <Filter>Header Files</Filter>
    </CustomBuild>
    <CustomBuild Include="include\CMvChipMainGrid.h">
      <Filter>Header Files</Filter>
    </CustomBuild>
    <CustomBuild Include="formFiles\CMvChipMainGrid.ui">
      <Filter>Form Files</Filter>
    </CustomBuild>
    <CustomBuild Include="include\CMvContactAttitudeDefect.h">
      <Filter>Header Files</Filter>
    </CustomBuild>
    <CustomBuild Include="formFiles\CMvContactAttitudeDefect.ui">
      <Filter>Form Files</Filter>
    </CustomBuild>
    <CustomBuild Include="formFiles\CMvEdgeDefect.ui">
      <Filter>Form Files</Filter>
    </CustomBuild>
    <CustomBuild Include="include\CMvEdgeDefect.h">
      <Filter>Header Files</Filter>
    </CustomBuild>
    <CustomBuild Include="include\CMvRectangleGlueDefect.h">
      <Filter>Header Files</Filter>
    </CustomBuild>
    <CustomBuild Include="formFiles\CMvRectangleGlueDefect.ui">
      <Filter>Form Files</Filter>
    </CustomBuild>
    <CustomBuild Include="include\CMvPositiveNegativeContacts.h">
      <Filter>Header Files</Filter>
    </CustomBuild>
    <CustomBuild Include="formFiles\CMvPositiveNegativeContacts.ui">
      <Filter>Form Files</Filter>
    </CustomBuild>
    <CustomBuild Include="include\CMvRingGlueDefect.h">
      <Filter>Header Files</Filter>
    </CustomBuild>
    <CustomBuild Include="formFiles\CMvRingGlueDefect.ui">
      <Filter>Form Files</Filter>
    </CustomBuild>
    <CustomBuild Include="formFiles\CMvRingDefect.ui">
      <Filter>Form Files</Filter>
    </CustomBuild>
    <CustomBuild Include="include\CMvRingDefect.h">
      <Filter>Header Files</Filter>
    </CustomBuild>
    <CustomBuild Include="include\CMvTemplateMatching.h">
      <Filter>Header Files</Filter>
    </CustomBuild>
    <CustomBuild Include="formFiles\CMvTemplateMatching.ui">
      <Filter>Form Files</Filter>
    </CustomBuild>
    <CustomBuild Include="formFiles\CMvContourMatching.ui">
      <Filter>Form Files</Filter>
    </CustomBuild>
    <CustomBuild Include="include\CMvContourMatching.h">
      <Filter>Header Files</Filter>
    </CustomBuild>
    <CustomBuild Include="include\CMvFeatureMatching.h">
      <Filter>Header Files</Filter>
    </CustomBuild>
    <CustomBuild Include="formFiles\CMvFeatureMatching.ui">
      <Filter>Form Files</Filter>
    </CustomBuild>
    <CustomBuild Include="include\CMvMultiObjectiveContourMatching.h">
      <Filter>Header Files</Filter>
    </CustomBuild>
    <CustomBuild Include="formFiles\CMvMultiObjectiveContourMatching.ui">
      <Filter>Form Files</Filter>
    </CustomBuild>
    <CustomBuild Include="formFiles\CMvMultiTemplateFeatureMatching.ui">
      <Filter>Form Files</Filter>
    </CustomBuild>
    <CustomBuild Include="include\CMvMultiTemplateFeatureMatching.h">
      <Filter>Header Files</Filter>
    </CustomBuild>
    <CustomBuild Include="include\CMvSimpleRelationPointLines.h">
      <Filter>Header Files</Filter>
    </CustomBuild>
    <CustomBuild Include="formFiles\CMvSimpleRelationPointLines.ui">
      <Filter>Form Files</Filter>
    </CustomBuild>
    <CustomBuild Include="formFiles\CMvPointLineOffset.ui">
      <Filter>Form Files</Filter>
    </CustomBuild>
    <CustomBuild Include="include\CMvPointLineOffset.h">
      <Filter>Header Files</Filter>
    </CustomBuild>
    <CustomBuild Include="include\CMvAngleOffset.h">
      <Filter>Header Files</Filter>
    </CustomBuild>
    <CustomBuild Include="formFiles\CMvAngleOffset.ui">
      <Filter>Form Files</Filter>
    </CustomBuild>
    <CustomBuild Include="formFiles\CMvEdgeDistance.ui">
      <Filter>Form Files</Filter>
    </CustomBuild>
    <CustomBuild Include="include\CMvEdgeDistance.h">
      <Filter>Header Files</Filter>
    </CustomBuild>
    <CustomBuild Include="include\CMvPinSpacing.h">
      <Filter>Header Files</Filter>
    </CustomBuild>
    <CustomBuild Include="formFiles\CMvPinSpacing.ui">
      <Filter>Form Files</Filter>
    </CustomBuild>
    <CustomBuild Include="formFiles\CMvExtractFarthestPoints.ui">
      <Filter>Form Files</Filter>
    </CustomBuild>
    <CustomBuild Include="include\CMvExtractFarthestPoints.h">
      <Filter>Header Files</Filter>
    </CustomBuild>
    <CustomBuild Include="include\CMvEdgeCaliper.h">
      <Filter>Header Files</Filter>
    </CustomBuild>
    <CustomBuild Include="formFiles\CMvEdgeCaliper.ui">
      <Filter>Form Files</Filter>
    </CustomBuild>
    <CustomBuild Include="include\CMvBlobExtract.h">
      <Filter>Header Files</Filter>
    </CustomBuild>
    <CustomBuild Include="formFiles\CMvBlobExtract.ui">
      <Filter>Form Files</Filter>
    </CustomBuild>
    <CustomBuild Include="formFiles\CMvBlobScreen.ui">
      <Filter>Form Files</Filter>
    </CustomBuild>
    <CustomBuild Include="include\CMvBlobScreen.h">
      <Filter>Header Files</Filter>
    </CustomBuild>
    <CustomBuild Include="formFiles\CMvBlobSortOutput.ui">
      <Filter>Form Files</Filter>
    </CustomBuild>
    <CustomBuild Include="include\CMvBlobSortOutput.h">
      <Filter>Header Files</Filter>
    </CustomBuild>
    <CustomBuild Include="formFiles\CMvBlobRelevantGetting.ui">
      <Filter>Form Files</Filter>
    </CustomBuild>
    <CustomBuild Include="include\CMvBlobRelevantGetting.h">
      <Filter>Header Files</Filter>
    </CustomBuild>
    <CustomBuild Include="include\CMvBlobCumulativeArea.h">
      <Filter>Header Files</Filter>
    </CustomBuild>
    <CustomBuild Include="formFiles\CMvBlobCumulativeArea.ui">
      <Filter>Form Files</Filter>
    </CustomBuild>
    <CustomBuild Include="formFiles\CMvBlobInnerObliqueRectangle.ui">
      <Filter>Form Files</Filter>
    </CustomBuild>
    <CustomBuild Include="include\CMvBlobInnerObliqueRectangle.h">
      <Filter>Header Files</Filter>
    </CustomBuild>
    <CustomBuild Include="include\CMvCharacterRecognition.h">
      <Filter>Header Files</Filter>
    </CustomBuild>
    <CustomBuild Include="formFiles\CMvCharacterRecognition.ui">
      <Filter>Form Files</Filter>
    </CustomBuild>
    <CustomBuild Include="formFiles\CMv1DCodeRecognition.ui">
      <Filter>Form Files</Filter>
    </CustomBuild>
    <CustomBuild Include="include\CMv1DCodeRecognition.h">
      <Filter>Header Files</Filter>
    </CustomBuild>
    <CustomBuild Include="include\CMv2DCodeRecognition.h">
      <Filter>Header Files</Filter>
    </CustomBuild>
    <CustomBuild Include="formFiles\CMv2DCodeRecognition.ui">
      <Filter>Form Files</Filter>
    </CustomBuild>
    <CustomBuild Include="include\CMvMatchingCharacterRecognition.h">
      <Filter>Header Files</Filter>
    </CustomBuild>
    <CustomBuild Include="formFiles\CMvMatchingCharacterRecognition.ui">
      <Filter>Form Files</Filter>
    </CustomBuild>
    <CustomBuild Include="formFiles\CMvCustomCoordinates.ui">
      <Filter>Form Files</Filter>
    </CustomBuild>
    <CustomBuild Include="include\CMvCustomCoordinates.h">
      <Filter>Header Files</Filter>
    </CustomBuild>
    <CustomBuild Include="include\CMvPointOffsetWithCoordinates.h">
      <Filter>Header Files</Filter>
    </CustomBuild>
    <CustomBuild Include="formFiles\CMvPointOffsetWithCoordinates.ui">
      <Filter>Form Files</Filter>
    </CustomBuild>
  </ItemGroup>
  <ItemGroup>
    <ClInclude Include="GeneratedFiles\ui_CMvFindLineParamWidget.h">
      <Filter>Generated Files</Filter>
    </ClInclude>
    <ClInclude Include="GeneratedFiles\ui_CMvFindRoundParamWidget.h">
      <Filter>Generated Files</Filter>
    </ClInclude>
    <ClInclude Include="GeneratedFiles\ui_CMvColorConversionBlackAndWhite.h">
      <Filter>Generated Files</Filter>
    </ClInclude>
    <ClInclude Include="GeneratedFiles\ui_CMvColorImagesCut.h">
      <Filter>Generated Files</Filter>
    </ClInclude>
    <ClInclude Include="GeneratedFiles\ui_CMvBlackAndWhiteConversionColor.h">
      <Filter>Generated Files</Filter>
    </ClInclude>
    <ClInclude Include="GeneratedFiles\ui_CMvFourArithmeticOperation.h">
      <Filter>Generated Files</Filter>
    </ClInclude>
    <ClInclude Include="GeneratedFiles\ui_CMvBlobRapidDetection.h">
      <Filter>Generated Files</Filter>
    </ClInclude>
    <ClInclude Include="GeneratedFiles\ui_CMvTestWidget.h">
      <Filter>Generated Files</Filter>
    </ClInclude>
    <ClInclude Include="GeneratedFiles\ui_CMvColorSelection.h">
      <Filter>Generated Files</Filter>
    </ClInclude>
    <ClInclude Include="GeneratedFiles\ui_CMvColorArea.h">
      <Filter>Generated Files</Filter>
    </ClInclude>
    <ClInclude Include="GeneratedFiles\ui_CMvKNNColorSelection.h">
      <Filter>Generated Files</Filter>
    </ClInclude>
    <ClInclude Include="GeneratedFiles\ui_CMvImagesCut.h">
      <Filter>Generated Files</Filter>
    </ClInclude>
    <ClInclude Include="GeneratedFiles\ui_CMvImageRotation.h">
      <Filter>Generated Files</Filter>
    </ClInclude>
    <ClInclude Include="GeneratedFiles\ui_CMvAlgorithmProcessing.h">
      <Filter>Generated Files</Filter>
    </ClInclude>
    <ClInclude Include="GeneratedFiles\ui_CMvAdditionAndSubtraction.h">
      <Filter>Generated Files</Filter>
    </ClInclude>
    <ClInclude Include="GeneratedFiles\ui_CMvImageEnhancement.h">
      <Filter>Generated Files</Filter>
    </ClInclude>
    <ClInclude Include="GeneratedFiles\ui_CMvMultiplicationAndDivision.h">
      <Filter>Generated Files</Filter>
    </ClInclude>
    <ClInclude Include="GeneratedFiles\ui_CMvManualBinary.h">
      <Filter>Generated Files</Filter>
    </ClInclude>
    <ClInclude Include="GeneratedFiles\ui_CMvAdaptiveBinarization.h">
      <Filter>Generated Files</Filter>
    </ClInclude>
    <ClInclude Include="GeneratedFiles\ui_CMvDenoiseBinarization.h">
      <Filter>Generated Files</Filter>
    </ClInclude>
    <ClInclude Include="GeneratedFiles\ui_CMvCannyEdgeExtracting.h">
      <Filter>Generated Files</Filter>
    </ClInclude>
    <ClInclude Include="GeneratedFiles\ui_CMvImageDefect.h">
      <Filter>Generated Files</Filter>
    </ClInclude>
    <ClInclude Include="GeneratedFiles\ui_CMvBarCodeDefect.h">
      <Filter>Generated Files</Filter>
    </ClInclude>
    <ClInclude Include="GeneratedFiles\ui_CMvGraphicDefects.h">
      <Filter>Generated Files</Filter>
    </ClInclude>
    <ClInclude Include="GeneratedFiles\ui_CMvChipDefect.h">
      <Filter>Generated Files</Filter>
    </ClInclude>
    <ClInclude Include="GeneratedFiles\ui_CMvChipMainGrid.h">
      <Filter>Generated Files</Filter>
    </ClInclude>
    <ClInclude Include="GeneratedFiles\ui_CMvContactAttitudeDefect.h">
      <Filter>Generated Files</Filter>
    </ClInclude>
    <ClInclude Include="GeneratedFiles\ui_CMvEdgeDefect.h">
      <Filter>Generated Files</Filter>
    </ClInclude>
    <ClInclude Include="GeneratedFiles\ui_CMvRectangleGlueDefect.h">
      <Filter>Generated Files</Filter>
    </ClInclude>
    <ClInclude Include="GeneratedFiles\ui_CMvPositiveNegativeContacts.h">
      <Filter>Generated Files</Filter>
    </ClInclude>
    <ClInclude Include="GeneratedFiles\ui_CMvRingGlueDefect.h">
      <Filter>Generated Files</Filter>
    </ClInclude>
    <ClInclude Include="GeneratedFiles\ui_CMvRingDefect.h">
      <Filter>Generated Files</Filter>
    </ClInclude>
    <ClInclude Include="GeneratedFiles\ui_CMvTemplateMatching.h">
      <Filter>Generated Files</Filter>
    </ClInclude>
    <ClInclude Include="GeneratedFiles\ui_CMvContourMatching.h">
      <Filter>Generated Files</Filter>
    </ClInclude>
    <ClInclude Include="GeneratedFiles\ui_CMvFeatureMatching.h">
      <Filter>Generated Files</Filter>
    </ClInclude>
    <ClInclude Include="GeneratedFiles\ui_CMvMultiObjectiveContourMatching.h">
      <Filter>Generated Files</Filter>
    </ClInclude>
    <ClInclude Include="GeneratedFiles\ui_CMvMultiTemplateFeatureMatching.h">
      <Filter>Generated Files</Filter>
    </ClInclude>
    <ClInclude Include="GeneratedFiles\ui_CMvSimpleRelationPointLines.h">
      <Filter>Generated Files</Filter>
    </ClInclude>
    <ClInclude Include="GeneratedFiles\ui_CMvPointLineOffset.h">
      <Filter>Generated Files</Filter>
    </ClInclude>
    <ClInclude Include="GeneratedFiles\ui_CMvAngleOffset.h">
      <Filter>Generated Files</Filter>
    </ClInclude>
    <ClInclude Include="GeneratedFiles\ui_CMvEdgeDistance.h">
      <Filter>Generated Files</Filter>
    </ClInclude>
    <ClInclude Include="GeneratedFiles\ui_CMvPinSpacing.h">
      <Filter>Generated Files</Filter>
    </ClInclude>
    <ClInclude Include="GeneratedFiles\ui_CMvExtractFarthestPoints.h">
      <Filter>Generated Files</Filter>
    </ClInclude>
    <ClInclude Include="GeneratedFiles\ui_CMvEdgeCaliper.h">
      <Filter>Generated Files</Filter>
    </ClInclude>
    <ClInclude Include="GeneratedFiles\ui_CMvBlobExtract.h">
      <Filter>Generated Files</Filter>
    </ClInclude>
    <ClInclude Include="GeneratedFiles\ui_CMvBlobScreen.h">
      <Filter>Generated Files</Filter>
    </ClInclude>
    <ClInclude Include="GeneratedFiles\ui_CMvBlobSortOutput.h">
      <Filter>Generated Files</Filter>
    </ClInclude>
    <ClInclude Include="GeneratedFiles\ui_CMvBlobRelevantGetting.h">
      <Filter>Generated Files</Filter>
    </ClInclude>
    <ClInclude Include="GeneratedFiles\ui_CMvBlobCumulativeArea.h">
      <Filter>Generated Files</Filter>
    </ClInclude>
    <ClInclude Include="GeneratedFiles\ui_CMvBlobInnerObliqueRectangle.h">
      <Filter>Generated Files</Filter>
    </ClInclude>
    <ClInclude Include="GeneratedFiles\ui_CMvCharacterRecognition.h">
      <Filter>Generated Files</Filter>
    </ClInclude>
    <ClInclude Include="GeneratedFiles\ui_CMv1DCodeRecognition.h">
      <Filter>Generated Files</Filter>
    </ClInclude>
    <ClInclude Include="GeneratedFiles\ui_CMv2DCodeRecognition.h">
      <Filter>Generated Files</Filter>
    </ClInclude>
    <ClInclude Include="GeneratedFiles\ui_CMvMatchingCharacterRecognition.h">
      <Filter>Generated Files</Filter>
    </ClInclude>
    <ClInclude Include="GeneratedFiles\ui_CMvCustomCoordinates.h">
      <Filter>Generated Files</Filter>
    </ClInclude>
    <ClInclude Include="GeneratedFiles\ui_CMvPointOffsetWithCoordinates.h">
      <Filter>Generated Files</Filter>
    </ClInclude>
  </ItemGroup>
</Project>