<?xml version="1.0" encoding="utf-8"?>
<Project ToolsVersion="4.0" xmlns="http://schemas.microsoft.com/developer/msbuild/2003">
  <ItemGroup>
    <Filter Include="Source Files">
      <UniqueIdentifier>{4FC737F1-C7A5-4376-A066-2A32D752A2FF}</UniqueIdentifier>
      <Extensions>cpp;c;cc;cxx;def;odl;idl;hpj;bat;asm;asmx</Extensions>
    </Filter>
    <Filter Include="Header Files">
      <UniqueIdentifier>{93995380-89BD-4b04-88EB-625FBE52EBFB}</UniqueIdentifier>
      <Extensions>h;hh;hpp;hxx;hm;inl;inc;xsd</Extensions>
    </Filter>
    <Filter Include="Resource Files">
      <UniqueIdentifier>{D9D6E242-F8AF-46E4-B9FD-80ECBC20BA3E}</UniqueIdentifier>
      <Extensions>qrc;*</Extensions>
      <ParseFiles>false</ParseFiles>
    </Filter>
    <Filter Include="Form Files">
      <UniqueIdentifier>{99349809-55BA-4b9d-BF79-8FDBB0286EB3}</UniqueIdentifier>
      <Extensions>ui</Extensions>
    </Filter>
    <Filter Include="Resource Files">
      <UniqueIdentifier>{D9D6E242-F8AF-46E4-B9FD-80ECBC20BA3E}</UniqueIdentifier>
      <Extensions>qrc;*</Extensions>
      <ParseFiles>false</ParseFiles>
    </Filter>
    <Filter Include="Generated Files">
      <UniqueIdentifier>{71ED8ED8-ACB9-4CE9-BBE1-E00B30144E11}</UniqueIdentifier>
      <Extensions>moc;h;cpp</Extensions>
      <SourceControlFiles>False</SourceControlFiles>
    </Filter>
    <Filter Include="Generated Files\Debug">
      <UniqueIdentifier>{68be0f84-8ad9-4b88-9269-204aabfadc1d}</UniqueIdentifier>
      <Extensions>cpp;moc</Extensions>
      <SourceControlFiles>False</SourceControlFiles>
    </Filter>
    <Filter Include="Generated Files\Release">
      <UniqueIdentifier>{830a74d1-4f1c-4548-b231-72bec520552b}</UniqueIdentifier>
      <Extensions>cpp;moc</Extensions>
      <SourceControlFiles>False</SourceControlFiles>
    </Filter>
  </ItemGroup>
  <ItemGroup>
    <ClCompile Include="GeneratedFiles\qrc_css.cpp">
      <Filter>Generated Files</Filter>
    </ClCompile>
    <ClCompile Include="GeneratedFiles\Debug\moc_CMvFindLineParamWidget.cpp">
      <Filter>Generated Files\Debug</Filter>
    </ClCompile>
    <ClCompile Include="GeneratedFiles\Release\moc_CMvFindLineParamWidget.cpp">
      <Filter>Generated Files\Release</Filter>
    </ClCompile>
    <ClCompile Include="GeneratedFiles\Debug\moc_CMvFindRoundParamWidget.cpp">
      <Filter>Generated Files\Debug</Filter>
    </ClCompile>
    <ClCompile Include="GeneratedFiles\Release\moc_CMvFindRoundParamWidget.cpp">
      <Filter>Generated Files\Release</Filter>
    </ClCompile>
    <ClCompile Include="GeneratedFiles\Debug\moc_CMvSecondLevelMenu.cpp">
      <Filter>Generated Files\Debug</Filter>
    </ClCompile>
    <ClCompile Include="GeneratedFiles\Release\moc_CMvSecondLevelMenu.cpp">
      <Filter>Generated Files\Release</Filter>
    </ClCompile>
    <ClCompile Include="src\CMvFindLineParamWidget.cpp">
      <Filter>Source Files</Filter>
    </ClCompile>
    <ClCompile Include="src\CMvFindRoundParamWidget.cpp">
      <Filter>Source Files</Filter>
    </ClCompile>
    <ClCompile Include="src\CMvSecondLevelMenu.cpp">
      <Filter>Source Files</Filter>
    </ClCompile>
    <ClCompile Include="src\main.cpp">
      <Filter>Source Files</Filter>
    </ClCompile>
    <ClCompile Include="GeneratedFiles\Debug\moc_CMvBlackAndWhiteConversionColor.cpp">
      <Filter>Generated Files\Debug</Filter>
    </ClCompile>
    <ClCompile Include="GeneratedFiles\Release\moc_CMvBlackAndWhiteConversionColor.cpp">
      <Filter>Generated Files\Release</Filter>
    </ClCompile>
    <ClCompile Include="GeneratedFiles\Debug\moc_CMvColorConversionBlackAndWhite.cpp">
      <Filter>Generated Files\Debug</Filter>
    </ClCompile>
    <ClCompile Include="GeneratedFiles\Release\moc_CMvColorConversionBlackAndWhite.cpp">
      <Filter>Generated Files\Release</Filter>
    </ClCompile>
    <ClCompile Include="GeneratedFiles\Debug\moc_CMvColorImagesCut.cpp">
      <Filter>Generated Files\Debug</Filter>
    </ClCompile>
    <ClCompile Include="GeneratedFiles\Release\moc_CMvColorImagesCut.cpp">
      <Filter>Generated Files\Release</Filter>
    </ClCompile>
    <ClCompile Include="src\CMvBlackAndWhiteConversionColor.cpp">
      <Filter>Source Files</Filter>
    </ClCompile>
    <ClCompile Include="src\CMvColorConversionBlackAndWhite.cpp">
      <Filter>Source Files</Filter>
    </ClCompile>
    <ClCompile Include="src\CMvColorImagesCut.cpp">
      <Filter>Source Files</Filter>
    </ClCompile>
    <ClCompile Include="GeneratedFiles\Debug\moc_CMvFourArithmeticOperation.cpp">
      <Filter>Generated Files\Debug</Filter>
    </ClCompile>
    <ClCompile Include="GeneratedFiles\Release\moc_CMvFourArithmeticOperation.cpp">
      <Filter>Generated Files\Release</Filter>
    </ClCompile>
    <ClCompile Include="src\CMvFourArithmeticOperation.cpp">
      <Filter>Source Files</Filter>
    </ClCompile>
    <ClCompile Include="src\CMvBlobRapidDetection.cpp">
      <Filter>Source Files</Filter>
    </ClCompile>
    <ClCompile Include="GeneratedFiles\Debug\moc_CMvBlobRapidDetection.cpp">
      <Filter>Generated Files\Debug</Filter>
    </ClCompile>
    <ClCompile Include="GeneratedFiles\Release\moc_CMvBlobRapidDetection.cpp">
      <Filter>Generated Files\Release</Filter>
    </ClCompile>
    <ClCompile Include="src\CMvTestWidget.cpp">
      <Filter>Source Files</Filter>
    </ClCompile>
    <ClCompile Include="GeneratedFiles\Debug\moc_CMvTestWidget.cpp">
      <Filter>Generated Files\Debug</Filter>
    </ClCompile>
    <ClCompile Include="GeneratedFiles\Release\moc_CMvTestWidget.cpp">
      <Filter>Generated Files\Release</Filter>
    </ClCompile>
    <ClCompile Include="GeneratedFiles\Debug\moc_CMvColorSelection.cpp">
      <Filter>Generated Files\Debug</Filter>
    </ClCompile>
    <ClCompile Include="GeneratedFiles\Release\moc_CMvColorSelection.cpp">
      <Filter>Generated Files\Release</Filter>
    </ClCompile>
    <ClCompile Include="src\CMvColorSelection.cpp">
      <Filter>Source Files</Filter>
    </ClCompile>
    <ClCompile Include="src\CMvColorArea.cpp">
      <Filter>Source Files</Filter>
    </ClCompile>
    <ClCompile Include="GeneratedFiles\Debug\moc_CMvColorArea.cpp">
      <Filter>Generated Files\Debug</Filter>
    </ClCompile>
    <ClCompile Include="GeneratedFiles\Release\moc_CMvColorArea.cpp">
      <Filter>Generated Files\Release</Filter>
    </ClCompile>
    <ClCompile Include="GeneratedFiles\Debug\moc_CMvKNNColorSelection.cpp">
      <Filter>Generated Files\Debug</Filter>
    </ClCompile>
    <ClCompile Include="GeneratedFiles\Release\moc_CMvKNNColorSelection.cpp">
      <Filter>Generated Files\Release</Filter>
    </ClCompile>
    <ClCompile Include="src\CMvKNNColorSelection.cpp">
      <Filter>Source Files</Filter>
    </ClCompile>
    <ClCompile Include="GeneratedFiles\Debug\moc_CMvImagesCut.cpp">
      <Filter>Generated Files\Debug</Filter>
    </ClCompile>
    <ClCompile Include="GeneratedFiles\Release\moc_CMvImagesCut.cpp">
      <Filter>Generated Files\Release</Filter>
    </ClCompile>
    <ClCompile Include="src\CMvImagesCut.cpp">
      <Filter>Source Files</Filter>
    </ClCompile>
    <ClCompile Include="src\CMvImageRotation.cpp">
      <Filter>Source Files</Filter>
    </ClCompile>
    <ClCompile Include="GeneratedFiles\Debug\moc_CMvImageRotation.cpp">
      <Filter>Generated Files\Debug</Filter>
    </ClCompile>
    <ClCompile Include="GeneratedFiles\Release\moc_CMvImageRotation.cpp">
      <Filter>Generated Files\Release</Filter>
    </ClCompile>
    <ClCompile Include="GeneratedFiles\Debug\moc_CMvAlgorithmProcessing.cpp">
      <Filter>Generated Files\Debug</Filter>
    </ClCompile>
    <ClCompile Include="GeneratedFiles\Release\moc_CMvAlgorithmProcessing.cpp">
      <Filter>Generated Files\Release</Filter>
    </ClCompile>
    <ClCompile Include="src\CMvAlgorithmProcessing.cpp">
      <Filter>Source Files</Filter>
    </ClCompile>
    <ClCompile Include="src\CMvAdditionAndSubtraction.cpp">
      <Filter>Source Files</Filter>
    </ClCompile>
    <ClCompile Include="GeneratedFiles\Debug\moc_CMvAdditionAndSubtraction.cpp">
      <Filter>Generated Files\Debug</Filter>
    </ClCompile>
    <ClCompile Include="GeneratedFiles\Release\moc_CMvAdditionAndSubtraction.cpp">
      <Filter>Generated Files\Release</Filter>
    </ClCompile>
    <ClCompile Include="GeneratedFiles\Debug\moc_CMvImageEnhancement.cpp">
      <Filter>Generated Files\Debug</Filter>
    </ClCompile>
    <ClCompile Include="GeneratedFiles\Release\moc_CMvImageEnhancement.cpp">
      <Filter>Generated Files\Release</Filter>
    </ClCompile>
    <ClCompile Include="src\CMvImageEnhancement.cpp">
      <Filter>Source Files</Filter>
    </ClCompile>
    <ClCompile Include="src\CMvMultiplicationAndDivision.cpp">
      <Filter>Source Files</Filter>
    </ClCompile>
    <ClCompile Include="GeneratedFiles\Debug\moc_CMvMultiplicationAndDivision.cpp">
      <Filter>Generated Files\Debug</Filter>
    </ClCompile>
    <ClCompile Include="GeneratedFiles\Release\moc_CMvMultiplicationAndDivision.cpp">
      <Filter>Generated Files\Release</Filter>
    </ClCompile>
    <ClCompile Include="src\CMvManualBinary.cpp">
      <Filter>Source Files</Filter>
    </ClCompile>
    <ClCompile Include="GeneratedFiles\Debug\moc_CMvManualBinary.cpp">
      <Filter>Generated Files\Debug</Filter>
    </ClCompile>
    <ClCompile Include="GeneratedFiles\Release\moc_CMvManualBinary.cpp">
      <Filter>Generated Files\Release</Filter>
    </ClCompile>
    <ClCompile Include="GeneratedFiles\Debug\moc_CMvAdaptiveBinarization.cpp">
      <Filter>Generated Files\Debug</Filter>
    </ClCompile>
    <ClCompile Include="GeneratedFiles\Release\moc_CMvAdaptiveBinarization.cpp">
      <Filter>Generated Files\Release</Filter>
    </ClCompile>
    <ClCompile Include="src\CMvAdaptiveBinarization.cpp">
      <Filter>Source Files</Filter>
    </ClCompile>
    <ClCompile Include="src\CMvDenoiseBinarization.cpp">
      <Filter>Source Files</Filter>
    </ClCompile>
    <ClCompile Include="GeneratedFiles\Debug\moc_CMvDenoiseBinarization.cpp">
      <Filter>Generated Files\Debug</Filter>
    </ClCompile>
    <ClCompile Include="GeneratedFiles\Release\moc_CMvDenoiseBinarization.cpp">
      <Filter>Generated Files\Release</Filter>
    </ClCompile>
    <ClCompile Include="src\CMvCannyEdgeExtracting.cpp">
      <Filter>Source Files</Filter>
    </ClCompile>
    <ClCompile Include="GeneratedFiles\Debug\moc_CMvCannyEdgeExtracting.cpp">
      <Filter>Generated Files\Debug</Filter>
    </ClCompile>
    <ClCompile Include="GeneratedFiles\Release\moc_CMvCannyEdgeExtracting.cpp">
      <Filter>Generated Files\Release</Filter>
    </ClCompile>
    <ClCompile Include="GeneratedFiles\Debug\moc_CMvImageDefect.cpp">
      <Filter>Generated Files\Debug</Filter>
    </ClCompile>
    <ClCompile Include="GeneratedFiles\Release\moc_CMvImageDefect.cpp">
      <Filter>Generated Files\Release</Filter>
    </ClCompile>
    <ClCompile Include="src\CMvImageDefect.cpp">
      <Filter>Source Files</Filter>
    </ClCompile>
  </ItemGroup>
  <ItemGroup>
    <CustomBuild Include="formFiles\CMvFindLineParamWidget.ui">
      <Filter>Form Files</Filter>
    </CustomBuild>
    <CustomBuild Include="formFiles\CMvFindRoundParamWidget.ui">
      <Filter>Form Files</Filter>
    </CustomBuild>
    <CustomBuild Include="..\projectResources\css.qrc">
      <Filter>Resource Files</Filter>
    </CustomBuild>
    <CustomBuild Include="include\CMvFindLineParamWidget.h">
      <Filter>Header Files</Filter>
    </CustomBuild>
    <CustomBuild Include="include\CMvFindRoundParamWidget.h">
      <Filter>Header Files</Filter>
    </CustomBuild>
    <CustomBuild Include="include\CMvSecondLevelMenu.h">
      <Filter>Header Files</Filter>
    </CustomBuild>
    <CustomBuild Include="formFiles\CMvColorConversionBlackAndWhite.ui">
      <Filter>Form Files</Filter>
    </CustomBuild>
    <CustomBuild Include="formFiles\CMvColorImagesCut.ui">
      <Filter>Form Files</Filter>
    </CustomBuild>
    <CustomBuild Include="include\CMvBlackAndWhiteConversionColor.h">
      <Filter>Header Files</Filter>
    </CustomBuild>
    <CustomBuild Include="include\CMvColorConversionBlackAndWhite.h">
      <Filter>Header Files</Filter>
    </CustomBuild>
    <CustomBuild Include="include\CMvColorImagesCut.h">
      <Filter>Header Files</Filter>
    </CustomBuild>
    <CustomBuild Include="formFiles\CMvBlackAndWhiteConversionColor.ui">
      <Filter>Form Files</Filter>
    </CustomBuild>
    <CustomBuild Include="formFiles\CMvFourArithmeticOperation.ui">
      <Filter>Form Files</Filter>
    </CustomBuild>
    <CustomBuild Include="include\CMvFourArithmeticOperation.h">
      <Filter>Header Files</Filter>
    </CustomBuild>
    <CustomBuild Include="include\CMvBlobRapidDetection.h">
      <Filter>Header Files</Filter>
    </CustomBuild>
    <CustomBuild Include="formFiles\CMvBlobRapidDetection.ui">
      <Filter>Form Files</Filter>
    </CustomBuild>
    <CustomBuild Include="formFiles\CMvTestWidget.ui">
      <Filter>Form Files</Filter>
    </CustomBuild>
    <CustomBuild Include="include\CMvTestWidget.h">
      <Filter>Header Files</Filter>
    </CustomBuild>
    <CustomBuild Include="include\CMvColorSelection.h">
      <Filter>Header Files</Filter>
    </CustomBuild>
    <CustomBuild Include="formFiles\CMvColorSelection.ui">
      <Filter>Form Files</Filter>
    </CustomBuild>
    <CustomBuild Include="include\CMvColorArea.h">
      <Filter>Header Files</Filter>
    </CustomBuild>
    <CustomBuild Include="formFiles\CMvColorArea.ui">
      <Filter>Form Files</Filter>
    </CustomBuild>
    <CustomBuild Include="formFiles\CMvKNNColorSelection.ui">
      <Filter>Form Files</Filter>
    </CustomBuild>
    <CustomBuild Include="include\CMvKNNColorSelection.h">
      <Filter>Header Files</Filter>
    </CustomBuild>
    <CustomBuild Include="formFiles\CMvImagesCut.ui">
      <Filter>Form Files</Filter>
    </CustomBuild>
    <CustomBuild Include="include\CMvImagesCut.h">
      <Filter>Header Files</Filter>
    </CustomBuild>
    <CustomBuild Include="include\CMvImageRotation.h">
      <Filter>Header Files</Filter>
    </CustomBuild>
    <CustomBuild Include="formFiles\CMvImageRotation.ui">
      <Filter>Form Files</Filter>
    </CustomBuild>
    <CustomBuild Include="formFiles\CMvAlgorithmProcessing.ui">
      <Filter>Form Files</Filter>
    </CustomBuild>
    <CustomBuild Include="include\CMvAlgorithmProcessing.h">
      <Filter>Header Files</Filter>
    </CustomBuild>
    <CustomBuild Include="include\CMvAdditionAndSubtraction.h">
      <Filter>Header Files</Filter>
    </CustomBuild>
    <CustomBuild Include="formFiles\CMvAdditionAndSubtraction.ui">
      <Filter>Form Files</Filter>
    </CustomBuild>
    <CustomBuild Include="formFiles\CMvImageEnhancement.ui">
      <Filter>Form Files</Filter>
    </CustomBuild>
    <CustomBuild Include="include\CMvImageEnhancement.h">
      <Filter>Header Files</Filter>
    </CustomBuild>
    <CustomBuild Include="include\CMvMultiplicationAndDivision.h">
      <Filter>Header Files</Filter>
    </CustomBuild>
    <CustomBuild Include="formFiles\CMvMultiplicationAndDivision.ui">
      <Filter>Form Files</Filter>
    </CustomBuild>
    <CustomBuild Include="include\CMvManualBinary.h">
      <Filter>Header Files</Filter>
    </CustomBuild>
    <CustomBuild Include="formFiles\CMvManualBinary.ui">
      <Filter>Form Files</Filter>
    </CustomBuild>
    <CustomBuild Include="formFiles\CMvAdaptiveBinarization.ui">
      <Filter>Form Files</Filter>
    </CustomBuild>
    <CustomBuild Include="include\CMvAdaptiveBinarization.h">
      <Filter>Header Files</Filter>
    </CustomBuild>
    <CustomBuild Include="include\CMvDenoiseBinarization.h">
      <Filter>Header Files</Filter>
    </CustomBuild>
    <CustomBuild Include="formFiles\CMvDenoiseBinarization.ui">
      <Filter>Form Files</Filter>
    </CustomBuild>
    <CustomBuild Include="include\CMvCannyEdgeExtracting.h">
      <Filter>Header Files</Filter>
    </CustomBuild>
    <CustomBuild Include="formFiles\CMvCannyEdgeExtracting.ui">
      <Filter>Form Files</Filter>
    </CustomBuild>
    <CustomBuild Include="formFiles\CMvImageDefect.ui">
      <Filter>Form Files</Filter>
    </CustomBuild>
    <CustomBuild Include="include\CMvImageDefect.h">
      <Filter>Header Files</Filter>
    </CustomBuild>
  </ItemGroup>
  <ItemGroup>
    <ClInclude Include="GeneratedFiles\ui_CMvFindLineParamWidget.h">
      <Filter>Generated Files</Filter>
    </ClInclude>
    <ClInclude Include="GeneratedFiles\ui_CMvFindRoundParamWidget.h">
      <Filter>Generated Files</Filter>
    </ClInclude>
    <ClInclude Include="GeneratedFiles\ui_CMvColorConversionBlackAndWhite.h">
      <Filter>Generated Files</Filter>
    </ClInclude>
    <ClInclude Include="GeneratedFiles\ui_CMvColorImagesCut.h">
      <Filter>Generated Files</Filter>
    </ClInclude>
    <ClInclude Include="GeneratedFiles\ui_CMvBlackAndWhiteConversionColor.h">
      <Filter>Generated Files</Filter>
    </ClInclude>
    <ClInclude Include="GeneratedFiles\ui_CMvFourArithmeticOperation.h">
      <Filter>Generated Files</Filter>
    </ClInclude>
    <ClInclude Include="GeneratedFiles\ui_CMvBlobRapidDetection.h">
      <Filter>Generated Files</Filter>
    </ClInclude>
    <ClInclude Include="GeneratedFiles\ui_CMvTestWidget.h">
      <Filter>Generated Files</Filter>
    </ClInclude>
    <ClInclude Include="GeneratedFiles\ui_CMvColorSelection.h">
      <Filter>Generated Files</Filter>
    </ClInclude>
    <ClInclude Include="GeneratedFiles\ui_CMvColorArea.h">
      <Filter>Generated Files</Filter>
    </ClInclude>
    <ClInclude Include="GeneratedFiles\ui_CMvKNNColorSelection.h">
      <Filter>Generated Files</Filter>
    </ClInclude>
    <ClInclude Include="GeneratedFiles\ui_CMvImagesCut.h">
      <Filter>Generated Files</Filter>
    </ClInclude>
    <ClInclude Include="GeneratedFiles\ui_CMvImageRotation.h">
      <Filter>Generated Files</Filter>
    </ClInclude>
    <ClInclude Include="GeneratedFiles\ui_CMvAlgorithmProcessing.h">
      <Filter>Generated Files</Filter>
    </ClInclude>
    <ClInclude Include="GeneratedFiles\ui_CMvAdditionAndSubtraction.h">
      <Filter>Generated Files</Filter>
    </ClInclude>
    <ClInclude Include="GeneratedFiles\ui_CMvImageEnhancement.h">
      <Filter>Generated Files</Filter>
    </ClInclude>
    <ClInclude Include="GeneratedFiles\ui_CMvMultiplicationAndDivision.h">
      <Filter>Generated Files</Filter>
    </ClInclude>
    <ClInclude Include="GeneratedFiles\ui_CMvManualBinary.h">
      <Filter>Generated Files</Filter>
    </ClInclude>
    <ClInclude Include="GeneratedFiles\ui_CMvAdaptiveBinarization.h">
      <Filter>Generated Files</Filter>
    </ClInclude>
    <ClInclude Include="GeneratedFiles\ui_CMvDenoiseBinarization.h">
      <Filter>Generated Files</Filter>
    </ClInclude>
    <ClInclude Include="GeneratedFiles\ui_CMvCannyEdgeExtracting.h">
      <Filter>Generated Files</Filter>
    </ClInclude>
    <ClInclude Include="GeneratedFiles\ui_CMvImageDefect.h">
      <Filter>Generated Files</Filter>
    </ClInclude>
  </ItemGroup>
</Project>